
Microsoft Visual Studio Solution File, Format Version 12.00
# Visual Studio Version 16
VisualStudioVersion = 16.0.31205.134
MinimumVisualStudioVersion = 10.0.40219.1
Project("{FAE04EC0-301F-11D3-BF4B-00C04F79EFBC}") = "JavaLoops-2", "JavaLoops-2\JavaLoops-2.csproj", "{36CC10B3-EE33-4A5E-B38E-08FF7DB0D585}"
EndProject
Global
	GlobalSection(SolutionConfigurationPlatforms) = preSolution
		Debug|Any CPU = Debug|Any CPU
		Release|Any CPU = Release|Any CPU
	EndGlobalSection
	GlobalSection(ProjectConfigurationPlatforms) = postSolution
		{36CC10B3-EE33-4A5E-B38E-08FF7DB0D585}.Debug|Any CPU.ActiveCfg = Debug|Any CPU
		{36CC10B3-EE33-4A5E-B38E-08FF7DB0D585}.Debug|Any CPU.Build.0 = Debug|Any CPU
		{36CC10B3-EE33-4A5E-B38E-08FF7DB0D585}.Release|Any CPU.ActiveCfg = Release|Any CPU
		{36CC10B3-EE33-4A5E-B38E-08FF7DB0D585}.Release|Any CPU.Build.0 = Release|Any CPU
	EndGlobalSection
	GlobalSection(SolutionProperties) = preSolution
		HideSolutionNode = FALSE
	EndGlobalSection
	GlobalSection(ExtensibilityGlobals) = postSolution
		SolutionGuid = {5E562550-6ADD-46FC-8021-F229868F8DA6}
	EndGlobalSection
EndGlobal
